
Microsoft Visual Studio Solution File, Format Version 12.00
Project("{FAE04EC0-301F-11D3-BF4B-00C04F79EFBC}") = "AutoLotConsoleApp", "AutoLotConsoleApp\AutoLotConsoleApp.csproj", "{D0334ED6-19A7-403A-85B2-E35223C53FCF}"
EndProject
Global
	GlobalSection(SolutionConfigurationPlatforms) = preSolution
		Debug|Any CPU = Debug|Any CPU
		Release|Any CPU = Release|Any CPU
	EndGlobalSection
	GlobalSection(ProjectConfigurationPlatforms) = postSolution
		{D0334ED6-19A7-403A-85B2-E35223C53FCF}.Debug|Any CPU.ActiveCfg = Debug|Any CPU
		{D0334ED6-19A7-403A-85B2-E35223C53FCF}.Debug|Any CPU.Build.0 = Debug|Any CPU
		{D0334ED6-19A7-403A-85B2-E35223C53FCF}.Release|Any CPU.ActiveCfg = Release|Any CPU
		{D0334ED6-19A7-403A-85B2-E35223C53FCF}.Release|Any CPU.Build.0 = Release|Any CPU
	EndGlobalSection
EndGlobal
